
Microsoft Visual Studio Solution File, Format Version 12.00
# Visual Studio Version 17
VisualStudioVersion = 17.9.34622.214
MinimumVisualStudioVersion = 10.0.40219.1
Project("{FAE04EC0-301F-11D3-BF4B-00C04F79EFBC}") = "LR_TA_15", "LR_TA_15.csproj", "{8197024C-C82B-49B6-9673-7DB41B07BFE6}"
EndProject
Global
	GlobalSection(SolutionConfigurationPlatforms) = preSolution
		Debug|Any CPU = Debug|Any CPU
		Release|Any CPU = Release|Any CPU
	EndGlobalSection
	GlobalSection(ProjectConfigurationPlatforms) = postSolution
		{8197024C-C82B-49B6-9673-7DB41B07BFE6}.Debug|Any CPU.ActiveCfg = Debug|Any CPU
		{8197024C-C82B-49B6-9673-7DB41B07BFE6}.Debug|Any CPU.Build.0 = Debug|Any CPU
		{8197024C-C82B-49B6-9673-7DB41B07BFE6}.Release|Any CPU.ActiveCfg = Release|Any CPU
		{8197024C-C82B-49B6-9673-7DB41B07BFE6}.Release|Any CPU.Build.0 = Release|Any CPU
	EndGlobalSection
	GlobalSection(SolutionProperties) = preSolution
		HideSolutionNode = FALSE
	EndGlobalSection
	GlobalSection(ExtensibilityGlobals) = postSolution
		SolutionGuid = {794D6D47-208C-4409-80C2-C6AA94A59D93}
	EndGlobalSection
EndGlobal
