
Microsoft Visual Studio Solution File, Format Version 12.00
# Visual Studio Version 17
VisualStudioVersion = 17.7.34024.191
MinimumVisualStudioVersion = 10.0.40219.1
Project("{FAE04EC0-301F-11D3-BF4B-00C04F79EFBC}") = "LR-2", "LR-2.csproj", "{C0A492A6-6222-4046-A869-E8FA6EDFE16E}"
EndProject
Global
	GlobalSection(SolutionConfigurationPlatforms) = preSolution
		Debug|Any CPU = Debug|Any CPU
		Release|Any CPU = Release|Any CPU
	EndGlobalSection
	GlobalSection(ProjectConfigurationPlatforms) = postSolution
		{C0A492A6-6222-4046-A869-E8FA6EDFE16E}.Debug|Any CPU.ActiveCfg = Debug|Any CPU
		{C0A492A6-6222-4046-A869-E8FA6EDFE16E}.Debug|Any CPU.Build.0 = Debug|Any CPU
		{C0A492A6-6222-4046-A869-E8FA6EDFE16E}.Release|Any CPU.ActiveCfg = Release|Any CPU
		{C0A492A6-6222-4046-A869-E8FA6EDFE16E}.Release|Any CPU.Build.0 = Release|Any CPU
	EndGlobalSection
	GlobalSection(SolutionProperties) = preSolution
		HideSolutionNode = FALSE
	EndGlobalSection
	GlobalSection(ExtensibilityGlobals) = postSolution
		SolutionGuid = {39FFE3EA-83E2-40CF-9E6F-5DDCD2A7A9E6}
	EndGlobalSection
EndGlobal
