
Microsoft Visual Studio Solution File, Format Version 12.00
# Visual Studio Version 17
VisualStudioVersion = 17.9.34622.214
MinimumVisualStudioVersion = 10.0.40219.1
Project("{FAE04EC0-301F-11D3-BF4B-00C04F79EFBC}") = "LR-7", "LR-7.csproj", "{5FBD274E-043C-4AF2-AE93-8901C88FE556}"
EndProject
Global
	GlobalSection(SolutionConfigurationPlatforms) = preSolution
		Debug|Any CPU = Debug|Any CPU
		Release|Any CPU = Release|Any CPU
	EndGlobalSection
	GlobalSection(ProjectConfigurationPlatforms) = postSolution
		{5FBD274E-043C-4AF2-AE93-8901C88FE556}.Debug|Any CPU.ActiveCfg = Debug|Any CPU
		{5FBD274E-043C-4AF2-AE93-8901C88FE556}.Debug|Any CPU.Build.0 = Debug|Any CPU
		{5FBD274E-043C-4AF2-AE93-8901C88FE556}.Release|Any CPU.ActiveCfg = Release|Any CPU
		{5FBD274E-043C-4AF2-AE93-8901C88FE556}.Release|Any CPU.Build.0 = Release|Any CPU
	EndGlobalSection
	GlobalSection(SolutionProperties) = preSolution
		HideSolutionNode = FALSE
	EndGlobalSection
	GlobalSection(ExtensibilityGlobals) = postSolution
		SolutionGuid = {0CA753DA-3ED3-411F-A91F-A624C6FCCAB5}
	EndGlobalSection
EndGlobal
